{
  "version": 4,
  "terraform_version": "1.12.2",
  "serial": 18,
  "lineage": "aed530f2-f115-e87c-88c3-0553c43036d0",
  "outputs": {},
  "resources": [
    {
      "mode": "managed",
      "type": "azurerm_network_interface",
      "name": "nic1",
      "provider": "provider[\"registry.terraform.io/hashicorp/azurerm\"]",
      "instances": [
        {
          "schema_version": 0,
          "attributes": {
            "accelerated_networking_enabled": false,
            "applied_dns_servers": [],
            "auxiliary_mode": "",
            "auxiliary_sku": "",
            "dns_servers": null,
            "edge_zone": "",
            "id": "/subscriptions/6dc04dce-61ca-4a0a-a008-d5a5e06b8b1a/resourceGroups/terrrformtest/providers/Microsoft.Network/networkInterfaces/terraformtestvnet-nic",
            "internal_dns_name_label": "",
            "internal_domain_name_suffix": "vgdtnv3hvole1pdaoltwe11b5e.bx.internal.cloudapp.net",
            "ip_configuration": [
              {
                "gateway_load_balancer_frontend_ip_configuration_id": "",
                "name": "internal1",
                "primary": true,
                "private_ip_address": "192.189.1.4",
                "private_ip_address_allocation": "Dynamic",
                "private_ip_address_version": "IPv4",
                "public_ip_address_id": "",
                "subnet_id": "/subscriptions/6dc04dce-61ca-4a0a-a008-d5a5e06b8b1a/resourceGroups/terrrformtest/providers/Microsoft.Network/virtualNetworks/terraformtestvnet-test/subnets/terraformtestvnet-subnet1"
              }
            ],
            "ip_forwarding_enabled": false,
            "location": "eastus",
            "mac_address": "",
            "name": "terraformtestvnet-nic",
            "private_ip_address": "192.189.1.4",
            "private_ip_addresses": [
              "192.189.1.4"
            ],
            "resource_group_name": "terrrformtest",
            "tags": null,
            "timeouts": null,
            "virtual_machine_id": ""
          },
          "sensitive_attributes": [],
          "identity_schema_version": 0,
          "identity": {
            "name": "terraformtestvnet-nic",
            "resource_group_name": "terrrformtest",
            "subscription_id": "6dc04dce-61ca-4a0a-a008-d5a5e06b8b1a"
          },
          "private": "eyJlMmJmYjczMC1lY2FhLTExZTYtOGY4OC0zNDM2M2JjN2M0YzAiOnsiY3JlYXRlIjoxODAwMDAwMDAwMDAwLCJkZWxldGUiOjE4MDAwMDAwMDAwMDAsInJlYWQiOjMwMDAwMDAwMDAwMCwidXBkYXRlIjoxODAwMDAwMDAwMDAwfX0=",
          "dependencies": [
            "azurerm_resource_group.test",
            "azurerm_subnet.subnet1",
            "azurerm_virtual_network.network"
          ]
        }
      ]
    },
    {
      "mode": "managed",
      "type": "azurerm_network_security_group",
      "name": "nsg1",
      "provider": "provider[\"registry.terraform.io/hashicorp/azurerm\"]",
      "instances": [
        {
          "schema_version": 0,
          "attributes": {
            "id": "/subscriptions/6dc04dce-61ca-4a0a-a008-d5a5e06b8b1a/resourceGroups/terrrformtest/providers/Microsoft.Network/networkSecurityGroups/terraformtestvnet-nsg",
            "location": "eastus",
            "name": "terraformtestvnet-nsg",
            "resource_group_name": "terrrformtest",
            "security_rule": [],
            "tags": {},
            "timeouts": null
          },
          "sensitive_attributes": [],
          "identity_schema_version": 0,
          "identity": {
            "name": "terraformtestvnet-nsg",
            "resource_group_name": "terrrformtest",
            "subscription_id": "6dc04dce-61ca-4a0a-a008-d5a5e06b8b1a"
          },
          "private": "eyJlMmJmYjczMC1lY2FhLTExZTYtOGY4OC0zNDM2M2JjN2M0YzAiOnsiY3JlYXRlIjoxODAwMDAwMDAwMDAwLCJkZWxldGUiOjE4MDAwMDAwMDAwMDAsInJlYWQiOjMwMDAwMDAwMDAwMCwidXBkYXRlIjoxODAwMDAwMDAwMDAwfX0=",
          "dependencies": [
            "azurerm_resource_group.test"
          ]
        }
      ]
    },
    {
      "mode": "managed",
      "type": "azurerm_network_security_rule",
      "name": "rdp",
      "provider": "provider[\"registry.terraform.io/hashicorp/azurerm\"]",
      "instances": [
        {
          "schema_version": 0,
          "attributes": {
            "access": "Allow",
            "description": "",
            "destination_address_prefix": "*",
            "destination_address_prefixes": null,
            "destination_application_security_group_ids": null,
            "destination_port_range": "3389",
            "destination_port_ranges": null,
            "direction": "Inbound",
            "id": "/subscriptions/6dc04dce-61ca-4a0a-a008-d5a5e06b8b1a/resourceGroups/terrrformtest/providers/Microsoft.Network/networkSecurityGroups/terraformtestvnet-nsg/securityRules/rdp",
            "name": "rdp",
            "network_security_group_name": "terraformtestvnet-nsg",
            "priority": 100,
            "protocol": "Tcp",
            "resource_group_name": "terrrformtest",
            "source_address_prefix": "*",
            "source_address_prefixes": null,
            "source_application_security_group_ids": null,
            "source_port_range": "*",
            "source_port_ranges": null,
            "timeouts": null
          },
          "sensitive_attributes": [],
          "identity_schema_version": 0,
          "identity": {
            "name": "rdp",
            "network_security_group_name": "terraformtestvnet-nsg",
            "resource_group_name": "terrrformtest",
            "subscription_id": "6dc04dce-61ca-4a0a-a008-d5a5e06b8b1a"
          },
          "private": "eyJlMmJmYjczMC1lY2FhLTExZTYtOGY4OC0zNDM2M2JjN2M0YzAiOnsiY3JlYXRlIjoxODAwMDAwMDAwMDAwLCJkZWxldGUiOjE4MDAwMDAwMDAwMDAsInJlYWQiOjMwMDAwMDAwMDAwMCwidXBkYXRlIjoxODAwMDAwMDAwMDAwfX0=",
          "dependencies": [
            "azurerm_network_security_group.nsg1",
            "azurerm_resource_group.test"
          ]
        }
      ]
    },
    {
      "mode": "managed",
      "type": "azurerm_resource_group",
      "name": "test",
      "provider": "provider[\"registry.terraform.io/hashicorp/azurerm\"]",
      "instances": [
        {
          "schema_version": 0,
          "attributes": {
            "id": "/subscriptions/6dc04dce-61ca-4a0a-a008-d5a5e06b8b1a/resourceGroups/terrrformtest",
            "location": "eastus",
            "managed_by": "",
            "name": "terrrformtest",
            "tags": {},
            "timeouts": null
          },
          "sensitive_attributes": [],
          "identity_schema_version": 0,
          "private": "eyJlMmJmYjczMC1lY2FhLTExZTYtOGY4OC0zNDM2M2JjN2M0YzAiOnsiY3JlYXRlIjo1NDAwMDAwMDAwMDAwLCJkZWxldGUiOjU0MDAwMDAwMDAwMDAsInJlYWQiOjMwMDAwMDAwMDAwMCwidXBkYXRlIjo1NDAwMDAwMDAwMDAwfX0="
        }
      ]
    },
    {
      "mode": "managed",
      "type": "azurerm_subnet",
      "name": "subnet1",
      "provider": "provider[\"registry.terraform.io/hashicorp/azurerm\"]",
      "instances": [
        {
          "schema_version": 0,
          "attributes": {
            "address_prefixes": [
              "192.189.1.0/24"
            ],
            "default_outbound_access_enabled": true,
            "delegation": [],
            "id": "/subscriptions/6dc04dce-61ca-4a0a-a008-d5a5e06b8b1a/resourceGroups/terrrformtest/providers/Microsoft.Network/virtualNetworks/terraformtestvnet-test/subnets/terraformtestvnet-subnet1",
            "ip_address_pool": [],
            "name": "terraformtestvnet-subnet1",
            "private_endpoint_network_policies": "Disabled",
            "private_link_service_network_policies_enabled": true,
            "resource_group_name": "terrrformtest",
            "service_endpoint_policy_ids": null,
            "service_endpoints": null,
            "timeouts": null,
            "virtual_network_name": "terraformtestvnet-test"
          },
          "sensitive_attributes": [],
          "identity_schema_version": 0,
          "identity": {
            "name": "terraformtestvnet-subnet1",
            "resource_group_name": "terrrformtest",
            "subscription_id": "6dc04dce-61ca-4a0a-a008-d5a5e06b8b1a",
            "virtual_network_name": "terraformtestvnet-test"
          },
          "private": "eyJlMmJmYjczMC1lY2FhLTExZTYtOGY4OC0zNDM2M2JjN2M0YzAiOnsiY3JlYXRlIjoxODAwMDAwMDAwMDAwLCJkZWxldGUiOjE4MDAwMDAwMDAwMDAsInJlYWQiOjMwMDAwMDAwMDAwMCwidXBkYXRlIjoxODAwMDAwMDAwMDAwfX0=",
          "dependencies": [
            "azurerm_resource_group.test",
            "azurerm_virtual_network.network"
          ]
        }
      ]
    },
    {
      "mode": "managed",
      "type": "azurerm_subnet_network_security_group_association",
      "name": "nsg_assosote",
      "provider": "provider[\"registry.terraform.io/hashicorp/azurerm\"]",
      "instances": [
        {
          "schema_version": 0,
          "attributes": {
            "id": "/subscriptions/6dc04dce-61ca-4a0a-a008-d5a5e06b8b1a/resourceGroups/terrrformtest/providers/Microsoft.Network/virtualNetworks/terraformtestvnet-test/subnets/terraformtestvnet-subnet1",
            "network_security_group_id": "/subscriptions/6dc04dce-61ca-4a0a-a008-d5a5e06b8b1a/resourceGroups/terrrformtest/providers/Microsoft.Network/networkSecurityGroups/terraformtestvnet-nsg",
            "subnet_id": "/subscriptions/6dc04dce-61ca-4a0a-a008-d5a5e06b8b1a/resourceGroups/terrrformtest/providers/Microsoft.Network/virtualNetworks/terraformtestvnet-test/subnets/terraformtestvnet-subnet1",
            "timeouts": null
          },
          "sensitive_attributes": [],
          "identity_schema_version": 0,
          "private": "eyJlMmJmYjczMC1lY2FhLTExZTYtOGY4OC0zNDM2M2JjN2M0YzAiOnsiY3JlYXRlIjoxODAwMDAwMDAwMDAwLCJkZWxldGUiOjE4MDAwMDAwMDAwMDAsInJlYWQiOjMwMDAwMDAwMDAwMH19",
          "dependencies": [
            "azurerm_network_security_group.nsg1",
            "azurerm_resource_group.test",
            "azurerm_subnet.subnet1",
            "azurerm_virtual_network.network"
          ]
        }
      ]
    },
    {
      "mode": "managed",
      "type": "azurerm_virtual_network",
      "name": "network",
      "provider": "provider[\"registry.terraform.io/hashicorp/azurerm\"]",
      "instances": [
        {
          "schema_version": 0,
          "attributes": {
            "address_space": [
              "192.189.0.0/16"
            ],
            "bgp_community": "",
            "ddos_protection_plan": [],
            "dns_servers": [],
            "edge_zone": "",
            "encryption": [],
            "flow_timeout_in_minutes": 0,
            "guid": "d73687a9-aba7-4d96-bc60-72e7626f61fc",
            "id": "/subscriptions/6dc04dce-61ca-4a0a-a008-d5a5e06b8b1a/resourceGroups/terrrformtest/providers/Microsoft.Network/virtualNetworks/terraformtestvnet-test",
            "ip_address_pool": [],
            "location": "eastus",
            "name": "terraformtestvnet-test",
            "private_endpoint_vnet_policies": "Disabled",
            "resource_group_name": "terrrformtest",
            "subnet": [],
            "tags": {},
            "timeouts": null
          },
          "sensitive_attributes": [],
          "identity_schema_version": 0,
          "identity": {
            "name": "terraformtestvnet-test",
            "resource_group_name": "terrrformtest",
            "subscription_id": "6dc04dce-61ca-4a0a-a008-d5a5e06b8b1a"
          },
          "private": "eyJlMmJmYjczMC1lY2FhLTExZTYtOGY4OC0zNDM2M2JjN2M0YzAiOnsiY3JlYXRlIjoxODAwMDAwMDAwMDAwLCJkZWxldGUiOjE4MDAwMDAwMDAwMDAsInJlYWQiOjMwMDAwMDAwMDAwMCwidXBkYXRlIjoxODAwMDAwMDAwMDAwfX0=",
          "dependencies": [
            "azurerm_resource_group.test"
          ]
        }
      ]
    }
  ],
  "check_results": null
}
